
Microsoft Visual Studio Solution File, Format Version 12.00
# Visual Studio 14
VisualStudioVersion = 14.0.24720.0
MinimumVisualStudioVersion = 10.0.40219.1
Project("{8BC9CEB8-8B4A-11D0-8D11-00A0C91BC942}") = "Ex2_01", "Ex2_01\Ex2_01.vcxproj", "{D747DA01-4DA7-469B-84E0-4D61A9AB096C}"
EndProject
Project("{8BC9CEB8-8B4A-11D0-8D11-00A0C91BC942}") = "Ex2_02", "Ex2_02\Ex2_02.vcxproj", "{365EB244-6C51-480D-8002-F4D06B109294}"
EndProject
Project("{8BC9CEB8-8B4A-11D0-8D11-00A0C91BC942}") = "Ex2_03", "Ex2_03\Ex2_03.vcxproj", "{FB3619FB-99CE-43FD-BFD6-3DDF4F20B9EE}"
EndProject
Project("{8BC9CEB8-8B4A-11D0-8D11-00A0C91BC942}") = "Ex2_04", "Ex2_04\Ex2_04.vcxproj", "{C6F6E504-D2F7-4B7B-A4C8-D3AF0EA2D7FD}"
EndProject
Project("{8BC9CEB8-8B4A-11D0-8D11-00A0C91BC942}") = "Ex2_05", "Ex2_05\Ex2_05.vcxproj", "{A0D1F33B-1C21-4CE2-901A-69CD58D4AE3B}"
EndProject
Project("{2150E333-8FDC-42A3-9474-1A3956D46DE8}") = "Solution Items", "Solution Items", "{45B3BC39-AE93-4470-95C9-9B5F2A972C75}"
	ProjectSection(SolutionItems) = preProject
		directions.txt = directions.txt
	EndProjectSection
EndProject
Project("{8BC9CEB8-8B4A-11D0-8D11-00A0C91BC942}") = "Ex2_06", "Ex2_06\Ex2_06.vcxproj", "{20EEE5D1-C127-43ED-9008-EA8B7912186F}"
EndProject
Project("{8BC9CEB8-8B4A-11D0-8D11-00A0C91BC942}") = "Ex2_06_01", "Ex2_06_01\Ex2_06_01.vcxproj", "{8F796CAD-B17B-4FA8-81E4-AC8EE7FECFF6}"
EndProject
Project("{8BC9CEB8-8B4A-11D0-8D11-00A0C91BC942}") = "Ex2_06_02", "Ex2_06_02\Ex2_06_02.vcxproj", "{14B8EC37-D20C-4FC7-BA99-6609CFE4A3D9}"
EndProject
Project("{8BC9CEB8-8B4A-11D0-8D11-00A0C91BC942}") = "Ex2_07", "Ex2_07\Ex2_07.vcxproj", "{EF046B47-8722-4C91-AF3F-057607847E14}"
EndProject
Project("{8BC9CEB8-8B4A-11D0-8D11-00A0C91BC942}") = "Ex2_08", "Ex2_08\Ex2_08.vcxproj", "{FCDA9C8F-A489-40F6-A51D-84E6941C6DEC}"
EndProject
Global
	GlobalSection(SolutionConfigurationPlatforms) = preSolution
		Debug|ARM = Debug|ARM
		Debug|x64 = Debug|x64
		Debug|x86 = Debug|x86
		Release|ARM = Release|ARM
		Release|x64 = Release|x64
		Release|x86 = Release|x86
	EndGlobalSection
	GlobalSection(ProjectConfigurationPlatforms) = postSolution
		{D747DA01-4DA7-469B-84E0-4D61A9AB096C}.Debug|ARM.ActiveCfg = Debug|Win32
		{D747DA01-4DA7-469B-84E0-4D61A9AB096C}.Debug|x64.ActiveCfg = Debug|x64
		{D747DA01-4DA7-469B-84E0-4D61A9AB096C}.Debug|x64.Build.0 = Debug|x64
		{D747DA01-4DA7-469B-84E0-4D61A9AB096C}.Debug|x86.ActiveCfg = Debug|Win32
		{D747DA01-4DA7-469B-84E0-4D61A9AB096C}.Debug|x86.Build.0 = Debug|Win32
		{D747DA01-4DA7-469B-84E0-4D61A9AB096C}.Release|ARM.ActiveCfg = Release|Win32
		{D747DA01-4DA7-469B-84E0-4D61A9AB096C}.Release|x64.ActiveCfg = Release|x64
		{D747DA01-4DA7-469B-84E0-4D61A9AB096C}.Release|x64.Build.0 = Release|x64
		{D747DA01-4DA7-469B-84E0-4D61A9AB096C}.Release|x86.ActiveCfg = Release|Win32
		{D747DA01-4DA7-469B-84E0-4D61A9AB096C}.Release|x86.Build.0 = Release|Win32
		{365EB244-6C51-480D-8002-F4D06B109294}.Debug|ARM.ActiveCfg = Debug|Win32
		{365EB244-6C51-480D-8002-F4D06B109294}.Debug|x64.ActiveCfg = Debug|x64
		{365EB244-6C51-480D-8002-F4D06B109294}.Debug|x64.Build.0 = Debug|x64
		{365EB244-6C51-480D-8002-F4D06B109294}.Debug|x86.ActiveCfg = Debug|Win32
		{365EB244-6C51-480D-8002-F4D06B109294}.Debug|x86.Build.0 = Debug|Win32
		{365EB244-6C51-480D-8002-F4D06B109294}.Release|ARM.ActiveCfg = Release|Win32
		{365EB244-6C51-480D-8002-F4D06B109294}.Release|x64.ActiveCfg = Release|x64
		{365EB244-6C51-480D-8002-F4D06B109294}.Release|x64.Build.0 = Release|x64
		{365EB244-6C51-480D-8002-F4D06B109294}.Release|x86.ActiveCfg = Release|Win32
		{365EB244-6C51-480D-8002-F4D06B109294}.Release|x86.Build.0 = Release|Win32
		{FB3619FB-99CE-43FD-BFD6-3DDF4F20B9EE}.Debug|ARM.ActiveCfg = Debug|Win32
		{FB3619FB-99CE-43FD-BFD6-3DDF4F20B9EE}.Debug|x64.ActiveCfg = Debug|x64
		{FB3619FB-99CE-43FD-BFD6-3DDF4F20B9EE}.Debug|x64.Build.0 = Debug|x64
		{FB3619FB-99CE-43FD-BFD6-3DDF4F20B9EE}.Debug|x86.ActiveCfg = Debug|Win32
		{FB3619FB-99CE-43FD-BFD6-3DDF4F20B9EE}.Debug|x86.Build.0 = Debug|Win32
		{FB3619FB-99CE-43FD-BFD6-3DDF4F20B9EE}.Release|ARM.ActiveCfg = Release|Win32
		{FB3619FB-99CE-43FD-BFD6-3DDF4F20B9EE}.Release|x64.ActiveCfg = Release|x64
		{FB3619FB-99CE-43FD-BFD6-3DDF4F20B9EE}.Release|x64.Build.0 = Release|x64
		{FB3619FB-99CE-43FD-BFD6-3DDF4F20B9EE}.Release|x86.ActiveCfg = Release|Win32
		{FB3619FB-99CE-43FD-BFD6-3DDF4F20B9EE}.Release|x86.Build.0 = Release|Win32
		{C6F6E504-D2F7-4B7B-A4C8-D3AF0EA2D7FD}.Debug|ARM.ActiveCfg = Debug|Win32
		{C6F6E504-D2F7-4B7B-A4C8-D3AF0EA2D7FD}.Debug|x64.ActiveCfg = Debug|x64
		{C6F6E504-D2F7-4B7B-A4C8-D3AF0EA2D7FD}.Debug|x64.Build.0 = Debug|x64
		{C6F6E504-D2F7-4B7B-A4C8-D3AF0EA2D7FD}.Debug|x86.ActiveCfg = Debug|Win32
		{C6F6E504-D2F7-4B7B-A4C8-D3AF0EA2D7FD}.Debug|x86.Build.0 = Debug|Win32
		{C6F6E504-D2F7-4B7B-A4C8-D3AF0EA2D7FD}.Release|ARM.ActiveCfg = Release|Win32
		{C6F6E504-D2F7-4B7B-A4C8-D3AF0EA2D7FD}.Release|x64.ActiveCfg = Release|x64
		{C6F6E504-D2F7-4B7B-A4C8-D3AF0EA2D7FD}.Release|x64.Build.0 = Release|x64
		{C6F6E504-D2F7-4B7B-A4C8-D3AF0EA2D7FD}.Release|x86.ActiveCfg = Release|Win32
		{C6F6E504-D2F7-4B7B-A4C8-D3AF0EA2D7FD}.Release|x86.Build.0 = Release|Win32
		{A0D1F33B-1C21-4CE2-901A-69CD58D4AE3B}.Debug|ARM.ActiveCfg = Debug|Win32
		{A0D1F33B-1C21-4CE2-901A-69CD58D4AE3B}.Debug|x64.ActiveCfg = Debug|x64
		{A0D1F33B-1C21-4CE2-901A-69CD58D4AE3B}.Debug|x64.Build.0 = Debug|x64
		{A0D1F33B-1C21-4CE2-901A-69CD58D4AE3B}.Debug|x86.ActiveCfg = Debug|Win32
		{A0D1F33B-1C21-4CE2-901A-69CD58D4AE3B}.Debug|x86.Build.0 = Debug|Win32
		{A0D1F33B-1C21-4CE2-901A-69CD58D4AE3B}.Release|ARM.ActiveCfg = Release|Win32
		{A0D1F33B-1C21-4CE2-901A-69CD58D4AE3B}.Release|x64.ActiveCfg = Release|x64
		{A0D1F33B-1C21-4CE2-901A-69CD58D4AE3B}.Release|x64.Build.0 = Release|x64
		{A0D1F33B-1C21-4CE2-901A-69CD58D4AE3B}.Release|x86.ActiveCfg = Release|Win32
		{A0D1F33B-1C21-4CE2-901A-69CD58D4AE3B}.Release|x86.Build.0 = Release|Win32
		{20EEE5D1-C127-43ED-9008-EA8B7912186F}.Debug|ARM.ActiveCfg = Debug|Win32
		{20EEE5D1-C127-43ED-9008-EA8B7912186F}.Debug|x64.ActiveCfg = Debug|x64
		{20EEE5D1-C127-43ED-9008-EA8B7912186F}.Debug|x64.Build.0 = Debug|x64
		{20EEE5D1-C127-43ED-9008-EA8B7912186F}.Debug|x86.ActiveCfg = Debug|Win32
		{20EEE5D1-C127-43ED-9008-EA8B7912186F}.Debug|x86.Build.0 = Debug|Win32
		{20EEE5D1-C127-43ED-9008-EA8B7912186F}.Release|ARM.ActiveCfg = Release|Win32
		{20EEE5D1-C127-43ED-9008-EA8B7912186F}.Release|x64.ActiveCfg = Release|x64
		{20EEE5D1-C127-43ED-9008-EA8B7912186F}.Release|x64.Build.0 = Release|x64
		{20EEE5D1-C127-43ED-9008-EA8B7912186F}.Release|x86.ActiveCfg = Release|Win32
		{20EEE5D1-C127-43ED-9008-EA8B7912186F}.Release|x86.Build.0 = Release|Win32
		{8F796CAD-B17B-4FA8-81E4-AC8EE7FECFF6}.Debug|ARM.ActiveCfg = Debug|Win32
		{8F796CAD-B17B-4FA8-81E4-AC8EE7FECFF6}.Debug|x64.ActiveCfg = Debug|x64
		{8F796CAD-B17B-4FA8-81E4-AC8EE7FECFF6}.Debug|x64.Build.0 = Debug|x64
		{8F796CAD-B17B-4FA8-81E4-AC8EE7FECFF6}.Debug|x86.ActiveCfg = Debug|Win32
		{8F796CAD-B17B-4FA8-81E4-AC8EE7FECFF6}.Debug|x86.Build.0 = Debug|Win32
		{8F796CAD-B17B-4FA8-81E4-AC8EE7FECFF6}.Release|ARM.ActiveCfg = Release|Win32
		{8F796CAD-B17B-4FA8-81E4-AC8EE7FECFF6}.Release|x64.ActiveCfg = Release|x64
		{8F796CAD-B17B-4FA8-81E4-AC8EE7FECFF6}.Release|x64.Build.0 = Release|x64
		{8F796CAD-B17B-4FA8-81E4-AC8EE7FECFF6}.Release|x86.ActiveCfg = Release|Win32
		{8F796CAD-B17B-4FA8-81E4-AC8EE7FECFF6}.Release|x86.Build.0 = Release|Win32
		{14B8EC37-D20C-4FC7-BA99-6609CFE4A3D9}.Debug|ARM.ActiveCfg = Debug|Win32
		{14B8EC37-D20C-4FC7-BA99-6609CFE4A3D9}.Debug|x64.ActiveCfg = Debug|x64
		{14B8EC37-D20C-4FC7-BA99-6609CFE4A3D9}.Debug|x64.Build.0 = Debug|x64
		{14B8EC37-D20C-4FC7-BA99-6609CFE4A3D9}.Debug|x86.ActiveCfg = Debug|Win32
		{14B8EC37-D20C-4FC7-BA99-6609CFE4A3D9}.Debug|x86.Build.0 = Debug|Win32
		{14B8EC37-D20C-4FC7-BA99-6609CFE4A3D9}.Release|ARM.ActiveCfg = Release|Win32
		{14B8EC37-D20C-4FC7-BA99-6609CFE4A3D9}.Release|x64.ActiveCfg = Release|x64
		{14B8EC37-D20C-4FC7-BA99-6609CFE4A3D9}.Release|x64.Build.0 = Release|x64
		{14B8EC37-D20C-4FC7-BA99-6609CFE4A3D9}.Release|x86.ActiveCfg = Release|Win32
		{14B8EC37-D20C-4FC7-BA99-6609CFE4A3D9}.Release|x86.Build.0 = Release|Win32
		{EF046B47-8722-4C91-AF3F-057607847E14}.Debug|ARM.ActiveCfg = Debug|Win32
		{EF046B47-8722-4C91-AF3F-057607847E14}.Debug|x64.ActiveCfg = Debug|x64
		{EF046B47-8722-4C91-AF3F-057607847E14}.Debug|x64.Build.0 = Debug|x64
		{EF046B47-8722-4C91-AF3F-057607847E14}.Debug|x86.ActiveCfg = Debug|Win32
		{EF046B47-8722-4C91-AF3F-057607847E14}.Debug|x86.Build.0 = Debug|Win32
		{EF046B47-8722-4C91-AF3F-057607847E14}.Release|ARM.ActiveCfg = Release|Win32
		{EF046B47-8722-4C91-AF3F-057607847E14}.Release|x64.ActiveCfg = Release|x64
		{EF046B47-8722-4C91-AF3F-057607847E14}.Release|x64.Build.0 = Release|x64
		{EF046B47-8722-4C91-AF3F-057607847E14}.Release|x86.ActiveCfg = Release|Win32
		{EF046B47-8722-4C91-AF3F-057607847E14}.Release|x86.Build.0 = Release|Win32
		{FCDA9C8F-A489-40F6-A51D-84E6941C6DEC}.Debug|ARM.ActiveCfg = Debug|Win32
		{FCDA9C8F-A489-40F6-A51D-84E6941C6DEC}.Debug|x64.ActiveCfg = Debug|x64
		{FCDA9C8F-A489-40F6-A51D-84E6941C6DEC}.Debug|x64.Build.0 = Debug|x64
		{FCDA9C8F-A489-40F6-A51D-84E6941C6DEC}.Debug|x86.ActiveCfg = Debug|Win32
		{FCDA9C8F-A489-40F6-A51D-84E6941C6DEC}.Debug|x86.Build.0 = Debug|Win32
		{FCDA9C8F-A489-40F6-A51D-84E6941C6DEC}.Release|ARM.ActiveCfg = Release|Win32
		{FCDA9C8F-A489-40F6-A51D-84E6941C6DEC}.Release|x64.ActiveCfg = Release|x64
		{FCDA9C8F-A489-40F6-A51D-84E6941C6DEC}.Release|x64.Build.0 = Release|x64
		{FCDA9C8F-A489-40F6-A51D-84E6941C6DEC}.Release|x86.ActiveCfg = Release|Win32
		{FCDA9C8F-A489-40F6-A51D-84E6941C6DEC}.Release|x86.Build.0 = Release|Win32
	EndGlobalSection
	GlobalSection(SolutionProperties) = preSolution
		HideSolutionNode = FALSE
	EndGlobalSection
EndGlobal
